{
  "name": "@mattnick/aws-timestream-easy",
  "version": "1.0.0",
  "lockfileVersion": 2,
  "requires": true,
  "packages": {
    "": {
      "name": "@mattnick/aws-timestream-easy",
      "version": "1.0.0",
      "license": "ISC",
      "dependencies": {
        "luxon": "^2.0.1"
      }
    },
    "node_modules/luxon": {
      "version": "2.0.1",
      "resolved": "https://registry.npmjs.org/luxon/-/luxon-2.0.1.tgz",
      "integrity": "sha512-8Eawf81c9ZlQj62W3eq4mp+C7SAIAnmaS7ZuEAiX503YMcn+0C1JnMQRtfaQj6B5qTZLgHv0F4H5WabBCvi1fw==",
      "engines": {
        "node": "*"
      }
    }
  },
  "dependencies": {
    "luxon": {
      "version": "2.0.1",
      "resolved": "https://registry.npmjs.org/luxon/-/luxon-2.0.1.tgz",
      "integrity": "sha512-8Eawf81c9ZlQj62W3eq4mp+C7SAIAnmaS7ZuEAiX503YMcn+0C1JnMQRtfaQj6B5qTZLgHv0F4H5WabBCvi1fw=="
    }
  }
}
